// !$*UTF8*$!
{
	archiveVersion = 1;
	classes = {
	};
	objectVersion = 46;
	objects = {

/* Begin PBXBuildFile section */
		E429C2E81FA16CFD00D33AA7 /* main.m in Sources */ = {isa = PBXBuildFile; fileRef = E429C2E71FA16CFD00D33AA7 /* main.m */; };
		E429C2EB1FA16CFD00D33AA7 /* AppDelegate.m in Sources */ = {isa = PBXBuildFile; fileRef = E429C2EA1FA16CFD00D33AA7 /* AppDelegate.m */; };
		E429C2EE1FA16CFE00D33AA7 /* ViewController.m in Sources */ = {isa = PBXBuildFile; fileRef = E429C2ED1FA16CFE00D33AA7 /* ViewController.m */; };
		E429C2F11FA16CFE00D33AA7 /* Main.storyboard in Resources */ = {isa = PBXBuildFile; fileRef = E429C2EF1FA16CFE00D33AA7 /* Main.storyboard */; };
		E429C2F31FA16CFE00D33AA7 /* Assets.xcassets in Resources */ = {isa = PBXBuildFile; fileRef = E429C2F21FA16CFE00D33AA7 /* Assets.xcassets */; };
		E429C2F61FA16CFE00D33AA7 /* LaunchScreen.storyboard in Resources */ = {isa = PBXBuildFile; fileRef = E429C2F41FA16CFE00D33AA7 /* LaunchScreen.storyboard */; };
		E429C3011FA16CFE00D33AA7 /* TXCustomMenuTests.m in Sources */ = {isa = PBXBuildFile; fileRef = E429C3001FA16CFE00D33AA7 /* TXCustomMenuTests.m */; };
		E429C30C1FA16CFE00D33AA7 /* TXCustomMenuUITests.m in Sources */ = {isa = PBXBuildFile; fileRef = E429C30B1FA16CFE00D33AA7 /* TXCustomMenuUITests.m */; };
		E429C31F1FA180C700D33AA7 /* 喷油嘴清洗.png in Resources */ = {isa = PBXBuildFile; fileRef = E429C31E1FA180C700D33AA7 /* 喷油嘴清洗.png */; };
		E43F0D811FB159C7007F817B /* TXMenu.m in Sources */ = {isa = PBXBuildFile; fileRef = E43F0D7A1FB159C7007F817B /* TXMenu.m */; };
		E43F0D821FB159C7007F817B /* TXMenuNavigationBar.m in Sources */ = {isa = PBXBuildFile; fileRef = E43F0D7C1FB159C7007F817B /* TXMenuNavigationBar.m */; };
		E43F0D831FB159C7007F817B /* TXMenuNavigationCell.m in Sources */ = {isa = PBXBuildFile; fileRef = E43F0D7E1FB159C7007F817B /* TXMenuNavigationCell.m */; };
		E43F0D841FB159C7007F817B /* TXUnderLine.m in Sources */ = {isa = PBXBuildFile; fileRef = E43F0D801FB159C7007F817B /* TXUnderLine.m */; };
		E43F0D8C1FB15E27007F817B /* TXAdapter.m in Sources */ = {isa = PBXBuildFile; fileRef = E43F0D8B1FB15E27007F817B /* TXAdapter.m */; };
		E4A54DA71FA310B800C4EF97 /* 材料.png in Resources */ = {isa = PBXBuildFile; fileRef = E4A54DA41FA310B800C4EF97 /* 材料.png */; };
		E4A54DA81FA310B800C4EF97 /* 空间.png in Resources */ = {isa = PBXBuildFile; fileRef = E4A54DA51FA310B800C4EF97 /* 空间.png */; };
		E4A54DA91FA310B800C4EF97 /* 温度.png in Resources */ = {isa = PBXBuildFile; fileRef = E4A54DA61FA310B800C4EF97 /* 温度.png */; };
		E4A54DAC1FA311EC00C4EF97 /* TXView0.m in Sources */ = {isa = PBXBuildFile; fileRef = E4A54DAB1FA311EC00C4EF97 /* TXView0.m */; };
		E4A54DAF1FA311F800C4EF97 /* TXView1.m in Sources */ = {isa = PBXBuildFile; fileRef = E4A54DAE1FA311F800C4EF97 /* TXView1.m */; };
		E4A54DB21FA3121A00C4EF97 /* TXView2.m in Sources */ = {isa = PBXBuildFile; fileRef = E4A54DB11FA3121A00C4EF97 /* TXView2.m */; };
		E4A54DB51FA3122300C4EF97 /* TXView3.m in Sources */ = {isa = PBXBuildFile; fileRef = E4A54DB41FA3122300C4EF97 /* TXView3.m */; };
/* End PBXBuildFile section */

/* Begin PBXContainerItemProxy section */
		E429C2FD1FA16CFE00D33AA7 /* PBXContainerItemProxy */ = {
			isa = PBXContainerItemProxy;
			containerPortal = E429C2DB1FA16CFD00D33AA7 /* Project object */;
			proxyType = 1;
			remoteGlobalIDString = E429C2E21FA16CFD00D33AA7;
			remoteInfo = TXCustomMenu;
		};
		E429C3081FA16CFE00D33AA7 /* PBXContainerItemProxy */ = {
			isa = PBXContainerItemProxy;
			containerPortal = E429C2DB1FA16CFD00D33AA7 /* Project object */;
			proxyType = 1;
			remoteGlobalIDString = E429C2E21FA16CFD00D33AA7;
			remoteInfo = TXCustomMenu;
		};
/* End PBXContainerItemProxy section */

/* Begin PBXFileReference section */
		E429C2E31FA16CFD00D33AA7 /* TXCustomMenu.app */ = {isa = PBXFileReference; explicitFileType = wrapper.application; includeInIndex = 0; path = TXCustomMenu.app; sourceTree = BUILT_PRODUCTS_DIR; };
		E429C2E71FA16CFD00D33AA7 /* main.m */ = {isa = PBXFileReference; lastKnownFileType = sourcecode.c.objc; path = main.m; sourceTree = "<group>"; };
		E429C2E91FA16CFD00D33AA7 /* AppDelegate.h */ = {isa = PBXFileReference; lastKnownFileType = sourcecode.c.h; path = AppDelegate.h; sourceTree = "<group>"; };
		E429C2EA1FA16CFD00D33AA7 /* AppDelegate.m */ = {isa = PBXFileReference; lastKnownFileType = sourcecode.c.objc; path = AppDelegate.m; sourceTree = "<group>"; };
		E429C2EC1FA16CFE00D33AA7 /* ViewController.h */ = {isa = PBXFileReference; lastKnownFileType = sourcecode.c.h; path = ViewController.h; sourceTree = "<group>"; };
		E429C2ED1FA16CFE00D33AA7 /* ViewController.m */ = {isa = PBXFileReference; lastKnownFileType = sourcecode.c.objc; path = ViewController.m; sourceTree = "<group>"; };
		E429C2F01FA16CFE00D33AA7 /* Base */ = {isa = PBXFileReference; lastKnownFileType = file.storyboard; name = Base; path = Base.lproj/Main.storyboard; sourceTree = "<group>"; };
		E429C2F21FA16CFE00D33AA7 /* Assets.xcassets */ = {isa = PBXFileReference; lastKnownFileType = folder.assetcatalog; path = Assets.xcassets; sourceTree = "<group>"; };
		E429C2F51FA16CFE00D33AA7 /* Base */ = {isa = PBXFileReference; lastKnownFileType = file.storyboard; name = Base; path = Base.lproj/LaunchScreen.storyboard; sourceTree = "<group>"; };
		E429C2F71FA16CFE00D33AA7 /* Info.plist */ = {isa = PBXFileReference; lastKnownFileType = text.plist.xml; path = Info.plist; sourceTree = "<group>"; };
		E429C2FC1FA16CFE00D33AA7 /* TXCustomMenuTests.xctest */ = {isa = PBXFileReference; explicitFileType = wrapper.cfbundle; includeInIndex = 0; path = TXCustomMenuTests.xctest; sourceTree = BUILT_PRODUCTS_DIR; };
		E429C3001FA16CFE00D33AA7 /* TXCustomMenuTests.m */ = {isa = PBXFileReference; lastKnownFileType = sourcecode.c.objc; path = TXCustomMenuTests.m; sourceTree = "<group>"; };
		E429C3021FA16CFE00D33AA7 /* Info.plist */ = {isa = PBXFileReference; lastKnownFileType = text.plist.xml; path = Info.plist; sourceTree = "<group>"; };
		E429C3071FA16CFE00D33AA7 /* TXCustomMenuUITests.xctest */ = {isa = PBXFileReference; explicitFileType = wrapper.cfbundle; includeInIndex = 0; path = TXCustomMenuUITests.xctest; sourceTree = BUILT_PRODUCTS_DIR; };
		E429C30B1FA16CFE00D33AA7 /* TXCustomMenuUITests.m */ = {isa = PBXFileReference; lastKnownFileType = sourcecode.c.objc; path = TXCustomMenuUITests.m; sourceTree = "<group>"; };
		E429C30D1FA16CFE00D33AA7 /* Info.plist */ = {isa = PBXFileReference; lastKnownFileType = text.plist.xml; path = Info.plist; sourceTree = "<group>"; };
		E429C31E1FA180C700D33AA7 /* 喷油嘴清洗.png */ = {isa = PBXFileReference; lastKnownFileType = image.png; path = "喷油嘴清洗.png"; sourceTree = "<group>"; };
		E43F0D791FB159C7007F817B /* TXMenu.h */ = {isa = PBXFileReference; fileEncoding = 4; lastKnownFileType = sourcecode.c.h; path = TXMenu.h; sourceTree = "<group>"; };
		E43F0D7A1FB159C7007F817B /* TXMenu.m */ = {isa = PBXFileReference; fileEncoding = 4; lastKnownFileType = sourcecode.c.objc; path = TXMenu.m; sourceTree = "<group>"; };
		E43F0D7B1FB159C7007F817B /* TXMenuNavigationBar.h */ = {isa = PBXFileReference; fileEncoding = 4; lastKnownFileType = sourcecode.c.h; path = TXMenuNavigationBar.h; sourceTree = "<group>"; };
		E43F0D7C1FB159C7007F817B /* TXMenuNavigationBar.m */ = {isa = PBXFileReference; fileEncoding = 4; lastKnownFileType = sourcecode.c.objc; path = TXMenuNavigationBar.m; sourceTree = "<group>"; };
		E43F0D7D1FB159C7007F817B /* TXMenuNavigationCell.h */ = {isa = PBXFileReference; fileEncoding = 4; lastKnownFileType = sourcecode.c.h; path = TXMenuNavigationCell.h; sourceTree = "<group>"; };
		E43F0D7E1FB159C7007F817B /* TXMenuNavigationCell.m */ = {isa = PBXFileReference; fileEncoding = 4; lastKnownFileType = sourcecode.c.objc; path = TXMenuNavigationCell.m; sourceTree = "<group>"; };
		E43F0D7F1FB159C7007F817B /* TXUnderLine.h */ = {isa = PBXFileReference; fileEncoding = 4; lastKnownFileType = sourcecode.c.h; path = TXUnderLine.h; sourceTree = "<group>"; };
		E43F0D801FB159C7007F817B /* TXUnderLine.m */ = {isa = PBXFileReference; fileEncoding = 4; lastKnownFileType = sourcecode.c.objc; path = TXUnderLine.m; sourceTree = "<group>"; };
		E43F0D8A1FB15E27007F817B /* TXAdapter.h */ = {isa = PBXFileReference; fileEncoding = 4; lastKnownFileType = sourcecode.c.h; path = TXAdapter.h; sourceTree = "<group>"; };
		E43F0D8B1FB15E27007F817B /* TXAdapter.m */ = {isa = PBXFileReference; fileEncoding = 4; lastKnownFileType = sourcecode.c.objc; path = TXAdapter.m; sourceTree = "<group>"; };
		E4A54DA41FA310B800C4EF97 /* 材料.png */ = {isa = PBXFileReference; lastKnownFileType = image.png; path = "材料.png"; sourceTree = "<group>"; };
		E4A54DA51FA310B800C4EF97 /* 空间.png */ = {isa = PBXFileReference; lastKnownFileType = image.png; path = "空间.png"; sourceTree = "<group>"; };
		E4A54DA61FA310B800C4EF97 /* 温度.png */ = {isa = PBXFileReference; lastKnownFileType = image.png; path = "温度.png"; sourceTree = "<group>"; };
		E4A54DAA1FA311EC00C4EF97 /* TXView0.h */ = {isa = PBXFileReference; fileEncoding = 4; lastKnownFileType = sourcecode.c.h; path = TXView0.h; sourceTree = "<group>"; };
		E4A54DAB1FA311EC00C4EF97 /* TXView0.m */ = {isa = PBXFileReference; fileEncoding = 4; lastKnownFileType = sourcecode.c.objc; path = TXView0.m; sourceTree = "<group>"; };
		E4A54DAD1FA311F800C4EF97 /* TXView1.h */ = {isa = PBXFileReference; fileEncoding = 4; lastKnownFileType = sourcecode.c.h; path = TXView1.h; sourceTree = "<group>"; };
		E4A54DAE1FA311F800C4EF97 /* TXView1.m */ = {isa = PBXFileReference; fileEncoding = 4; lastKnownFileType = sourcecode.c.objc; path = TXView1.m; sourceTree = "<group>"; };
		E4A54DB01FA3121A00C4EF97 /* TXView2.h */ = {isa = PBXFileReference; fileEncoding = 4; lastKnownFileType = sourcecode.c.h; path = TXView2.h; sourceTree = "<group>"; };
		E4A54DB11FA3121A00C4EF97 /* TXView2.m */ = {isa = PBXFileReference; fileEncoding = 4; lastKnownFileType = sourcecode.c.objc; path = TXView2.m; sourceTree = "<group>"; };
		E4A54DB31FA3122300C4EF97 /* TXView3.h */ = {isa = PBXFileReference; fileEncoding = 4; lastKnownFileType = sourcecode.c.h; path = TXView3.h; sourceTree = "<group>"; };
		E4A54DB41FA3122300C4EF97 /* TXView3.m */ = {isa = PBXFileReference; fileEncoding = 4; lastKnownFileType = sourcecode.c.objc; path = TXView3.m; sourceTree = "<group>"; };
/* End PBXFileReference section */

/* Begin PBXFrameworksBuildPhase section */
		E429C2E01FA16CFD00D33AA7 /* Frameworks */ = {
			isa = PBXFrameworksBuildPhase;
			buildActionMask = 2147483647;
			files = (
			);
			runOnlyForDeploymentPostprocessing = 0;
		};
		E429C2F91FA16CFE00D33AA7 /* Frameworks */ = {
			isa = PBXFrameworksBuildPhase;
			buildActionMask = 2147483647;
			files = (
			);
			runOnlyForDeploymentPostprocessing = 0;
		};
		E429C3041FA16CFE00D33AA7 /* Frameworks */ = {
			isa = PBXFrameworksBuildPhase;
			buildActionMask = 2147483647;
			files = (
			);
			runOnlyForDeploymentPostprocessing = 0;
		};
/* End PBXFrameworksBuildPhase section */

/* Begin PBXGroup section */
		E429C2DA1FA16CFD00D33AA7 = {
			isa = PBXGroup;
			children = (
				E429C2E51FA16CFD00D33AA7 /* TXCustomMenu */,
				E429C2FF1FA16CFE00D33AA7 /* TXCustomMenuTests */,
				E429C30A1FA16CFE00D33AA7 /* TXCustomMenuUITests */,
				E429C2E41FA16CFD00D33AA7 /* Products */,
			);
			sourceTree = "<group>";
		};
		E429C2E41FA16CFD00D33AA7 /* Products */ = {
			isa = PBXGroup;
			children = (
				E429C2E31FA16CFD00D33AA7 /* TXCustomMenu.app */,
				E429C2FC1FA16CFE00D33AA7 /* TXCustomMenuTests.xctest */,
				E429C3071FA16CFE00D33AA7 /* TXCustomMenuUITests.xctest */,
			);
			name = Products;
			sourceTree = "<group>";
		};
		E429C2E51FA16CFD00D33AA7 /* TXCustomMenu */ = {
			isa = PBXGroup;
			children = (
				E43F0D891FB15E27007F817B /* TXAdapter */,
				E43F0D781FB159C7007F817B /* TXMenu */,
				E4A54DA41FA310B800C4EF97 /* 材料.png */,
				E4A54DA51FA310B800C4EF97 /* 空间.png */,
				E4A54DA61FA310B800C4EF97 /* 温度.png */,
				E429C31E1FA180C700D33AA7 /* 喷油嘴清洗.png */,
				E429C2E91FA16CFD00D33AA7 /* AppDelegate.h */,
				E429C2EA1FA16CFD00D33AA7 /* AppDelegate.m */,
				E4A54DAA1FA311EC00C4EF97 /* TXView0.h */,
				E4A54DAB1FA311EC00C4EF97 /* TXView0.m */,
				E4A54DAD1FA311F800C4EF97 /* TXView1.h */,
				E4A54DAE1FA311F800C4EF97 /* TXView1.m */,
				E4A54DB01FA3121A00C4EF97 /* TXView2.h */,
				E4A54DB11FA3121A00C4EF97 /* TXView2.m */,
				E4A54DB31FA3122300C4EF97 /* TXView3.h */,
				E4A54DB41FA3122300C4EF97 /* TXView3.m */,
				E429C2EC1FA16CFE00D33AA7 /* ViewController.h */,
				E429C2ED1FA16CFE00D33AA7 /* ViewController.m */,
				E429C2EF1FA16CFE00D33AA7 /* Main.storyboard */,
				E429C2F21FA16CFE00D33AA7 /* Assets.xcassets */,
				E429C2F41FA16CFE00D33AA7 /* LaunchScreen.storyboard */,
				E429C2F71FA16CFE00D33AA7 /* Info.plist */,
				E429C2E61FA16CFD00D33AA7 /* Supporting Files */,
			);
			path = TXCustomMenu;
			sourceTree = "<group>";
		};
		E429C2E61FA16CFD00D33AA7 /* Supporting Files */ = {
			isa = PBXGroup;
			children = (
				E429C2E71FA16CFD00D33AA7 /* main.m */,
			);
			name = "Supporting Files";
			sourceTree = "<group>";
		};
		E429C2FF1FA16CFE00D33AA7 /* TXCustomMenuTests */ = {
			isa = PBXGroup;
			children = (
				E429C3001FA16CFE00D33AA7 /* TXCustomMenuTests.m */,
				E429C3021FA16CFE00D33AA7 /* Info.plist */,
			);
			path = TXCustomMenuTests;
			sourceTree = "<group>";
		};
		E429C30A1FA16CFE00D33AA7 /* TXCustomMenuUITests */ = {
			isa = PBXGroup;
			children = (
				E429C30B1FA16CFE00D33AA7 /* TXCustomMenuUITests.m */,
				E429C30D1FA16CFE00D33AA7 /* Info.plist */,
			);
			path = TXCustomMenuUITests;
			sourceTree = "<group>";
		};
		E43F0D781FB159C7007F817B /* TXMenu */ = {
			isa = PBXGroup;
			children = (
				E43F0D791FB159C7007F817B /* TXMenu.h */,
				E43F0D7A1FB159C7007F817B /* TXMenu.m */,
				E43F0D7B1FB159C7007F817B /* TXMenuNavigationBar.h */,
				E43F0D7C1FB159C7007F817B /* TXMenuNavigationBar.m */,
				E43F0D7D1FB159C7007F817B /* TXMenuNavigationCell.h */,
				E43F0D7E1FB159C7007F817B /* TXMenuNavigationCell.m */,
				E43F0D7F1FB159C7007F817B /* TXUnderLine.h */,
				E43F0D801FB159C7007F817B /* TXUnderLine.m */,
			);
			path = TXMenu;
			sourceTree = "<group>";
		};
		E43F0D891FB15E27007F817B /* TXAdapter */ = {
			isa = PBXGroup;
			children = (
				E43F0D8A1FB15E27007F817B /* TXAdapter.h */,
				E43F0D8B1FB15E27007F817B /* TXAdapter.m */,
			);
			path = TXAdapter;
			sourceTree = "<group>";
		};
/* End PBXGroup section */

/* Begin PBXNativeTarget section */
		E429C2E21FA16CFD00D33AA7 /* TXCustomMenu */ = {
			isa = PBXNativeTarget;
			buildConfigurationList = E429C3101FA16CFE00D33AA7 /* Build configuration list for PBXNativeTarget "TXCustomMenu" */;
			buildPhases = (
				E429C2DF1FA16CFD00D33AA7 /* Sources */,
				E429C2E01FA16CFD00D33AA7 /* Frameworks */,
				E429C2E11FA16CFD00D33AA7 /* Resources */,
			);
			buildRules = (
			);
			dependencies = (
			);
			name = TXCustomMenu;
			productName = TXCustomMenu;
			productReference = E429C2E31FA16CFD00D33AA7 /* TXCustomMenu.app */;
			productType = "com.apple.product-type.application";
		};
		E429C2FB1FA16CFE00D33AA7 /* TXCustomMenuTests */ = {
			isa = PBXNativeTarget;
			buildConfigurationList = E429C3131FA16CFE00D33AA7 /* Build configuration list for PBXNativeTarget "TXCustomMenuTests" */;
			buildPhases = (
				E429C2F81FA16CFE00D33AA7 /* Sources */,
				E429C2F91FA16CFE00D33AA7 /* Frameworks */,
				E429C2FA1FA16CFE00D33AA7 /* Resources */,
			);
			buildRules = (
			);
			dependencies = (
				E429C2FE1FA16CFE00D33AA7 /* PBXTargetDependency */,
			);
			name = TXCustomMenuTests;
			productName = TXCustomMenuTests;
			productReference = E429C2FC1FA16CFE00D33AA7 /* TXCustomMenuTests.xctest */;
			productType = "com.apple.product-type.bundle.unit-test";
		};
		E429C3061FA16CFE00D33AA7 /* TXCustomMenuUITests */ = {
			isa = PBXNativeTarget;
			buildConfigurationList = E429C3161FA16CFE00D33AA7 /* Build configuration list for PBXNativeTarget "TXCustomMenuUITests" */;
			buildPhases = (
				E429C3031FA16CFE00D33AA7 /* Sources */,
				E429C3041FA16CFE00D33AA7 /* Frameworks */,
				E429C3051FA16CFE00D33AA7 /* Resources */,
			);
			buildRules = (
			);
			dependencies = (
				E429C3091FA16CFE00D33AA7 /* PBXTargetDependency */,
			);
			name = TXCustomMenuUITests;
			productName = TXCustomMenuUITests;
			productReference = E429C3071FA16CFE00D33AA7 /* TXCustomMenuUITests.xctest */;
			productType = "com.apple.product-type.bundle.ui-testing";
		};
/* End PBXNativeTarget section */

/* Begin PBXProject section */
		E429C2DB1FA16CFD00D33AA7 /* Project object */ = {
			isa = PBXProject;
			attributes = {
				LastUpgradeCheck = 0830;
				ORGANIZATIONNAME = komlin;
				TargetAttributes = {
					E429C2E21FA16CFD00D33AA7 = {
						CreatedOnToolsVersion = 8.3.3;
						ProvisioningStyle = Automatic;
					};
					E429C2FB1FA16CFE00D33AA7 = {
						CreatedOnToolsVersion = 8.3.3;
						ProvisioningStyle = Automatic;
						TestTargetID = E429C2E21FA16CFD00D33AA7;
					};
					E429C3061FA16CFE00D33AA7 = {
						CreatedOnToolsVersion = 8.3.3;
						ProvisioningStyle = Automatic;
						TestTargetID = E429C2E21FA16CFD00D33AA7;
					};
				};
			};
			buildConfigurationList = E429C2DE1FA16CFD00D33AA7 /* Build configuration list for PBXProject "TXCustomMenu" */;
			compatibilityVersion = "Xcode 3.2";
			developmentRegion = English;
			hasScannedForEncodings = 0;
			knownRegions = (
				en,
				Base,
			);
			mainGroup = E429C2DA1FA16CFD00D33AA7;
			productRefGroup = E429C2E41FA16CFD00D33AA7 /* Products */;
			projectDirPath = "";
			projectRoot = "";
			targets = (
				E429C2E21FA16CFD00D33AA7 /* TXCustomMenu */,
				E429C2FB1FA16CFE00D33AA7 /* TXCustomMenuTests */,
				E429C3061FA16CFE00D33AA7 /* TXCustomMenuUITests */,
			);
		};
/* End PBXProject section */

/* Begin PBXResourcesBuildPhase section */
		E429C2E11FA16CFD00D33AA7 /* Resources */ = {
			isa = PBXResourcesBuildPhase;
			buildActionMask = 2147483647;
			files = (
				E4A54DA71FA310B800C4EF97 /* 材料.png in Resources */,
				E429C31F1FA180C700D33AA7 /* 喷油嘴清洗.png in Resources */,
				E4A54DA91FA310B800C4EF97 /* 温度.png in Resources */,
				E429C2F61FA16CFE00D33AA7 /* LaunchScreen.storyboard in Resources */,
				E429C2F31FA16CFE00D33AA7 /* Assets.xcassets in Resources */,
				E429C2F11FA16CFE00D33AA7 /* Main.storyboard in Resources */,
				E4A54DA81FA310B800C4EF97 /* 空间.png in Resources */,
			);
			runOnlyForDeploymentPostprocessing = 0;
		};
		E429C2FA1FA16CFE00D33AA7 /* Resources */ = {
			isa = PBXResourcesBuildPhase;
			buildActionMask = 2147483647;
			files = (
			);
			runOnlyForDeploymentPostprocessing = 0;
		};
		E429C3051FA16CFE00D33AA7 /* Resources */ = {
			isa = PBXResourcesBuildPhase;
			buildActionMask = 2147483647;
			files = (
			);
			runOnlyForDeploymentPostprocessing = 0;
		};
/* End PBXResourcesBuildPhase section */

/* Begin PBXSourcesBuildPhase section */
		E429C2DF1FA16CFD00D33AA7 /* Sources */ = {
			isa = PBXSourcesBuildPhase;
			buildActionMask = 2147483647;
			files = (
				E43F0D831FB159C7007F817B /* TXMenuNavigationCell.m in Sources */,
				E429C2EE1FA16CFE00D33AA7 /* ViewController.m in Sources */,
				E4A54DAC1FA311EC00C4EF97 /* TXView0.m in Sources */,
				E4A54DAF1FA311F800C4EF97 /* TXView1.m in Sources */,
				E429C2EB1FA16CFD00D33AA7 /* AppDelegate.m in Sources */,
				E43F0D841FB159C7007F817B /* TXUnderLine.m in Sources */,
				E43F0D811FB159C7007F817B /* TXMenu.m in Sources */,
				E43F0D8C1FB15E27007F817B /* TXAdapter.m in Sources */,
				E429C2E81FA16CFD00D33AA7 /* main.m in Sources */,
				E43F0D821FB159C7007F817B /* TXMenuNavigationBar.m in Sources */,
				E4A54DB21FA3121A00C4EF97 /* TXView2.m in Sources */,
				E4A54DB51FA3122300C4EF97 /* TXView3.m in Sources */,
			);
			runOnlyForDeploymentPostprocessing = 0;
		};
		E429C2F81FA16CFE00D33AA7 /* Sources */ = {
			isa = PBXSourcesBuildPhase;
			buildActionMask = 2147483647;
			files = (
				E429C3011FA16CFE00D33AA7 /* TXCustomMenuTests.m in Sources */,
			);
			runOnlyForDeploymentPostprocessing = 0;
		};
		E429C3031FA16CFE00D33AA7 /* Sources */ = {
			isa = PBXSourcesBuildPhase;
			buildActionMask = 2147483647;
			files = (
				E429C30C1FA16CFE00D33AA7 /* TXCustomMenuUITests.m in Sources */,
			);
			runOnlyForDeploymentPostprocessing = 0;
		};
/* End PBXSourcesBuildPhase section */

/* Begin PBXTargetDependency section */
		E429C2FE1FA16CFE00D33AA7 /* PBXTargetDependency */ = {
			isa = PBXTargetDependency;
			target = E429C2E21FA16CFD00D33AA7 /* TXCustomMenu */;
			targetProxy = E429C2FD1FA16CFE00D33AA7 /* PBXContainerItemProxy */;
		};
		E429C3091FA16CFE00D33AA7 /* PBXTargetDependency */ = {
			isa = PBXTargetDependency;
			target = E429C2E21FA16CFD00D33AA7 /* TXCustomMenu */;
			targetProxy = E429C3081FA16CFE00D33AA7 /* PBXContainerItemProxy */;
		};
/* End PBXTargetDependency section */

/* Begin PBXVariantGroup section */
		E429C2EF1FA16CFE00D33AA7 /* Main.storyboard */ = {
			isa = PBXVariantGroup;
			children = (
				E429C2F01FA16CFE00D33AA7 /* Base */,
			);
			name = Main.storyboard;
			sourceTree = "<group>";
		};
		E429C2F41FA16CFE00D33AA7 /* LaunchScreen.storyboard */ = {
			isa = PBXVariantGroup;
			children = (
				E429C2F51FA16CFE00D33AA7 /* Base */,
			);
			name = LaunchScreen.storyboard;
			sourceTree = "<group>";
		};
/* End PBXVariantGroup section */

/* Begin XCBuildConfiguration section */
		E429C30E1FA16CFE00D33AA7 /* Debug */ = {
			isa = XCBuildConfiguration;
			buildSettings = {
				ALWAYS_SEARCH_USER_PATHS = NO;
				CLANG_ANALYZER_NONNULL = YES;
				CLANG_ANALYZER_NUMBER_OBJECT_CONVERSION = YES_AGGRESSIVE;
				CLANG_CXX_LANGUAGE_STANDARD = "gnu++0x";
				CLANG_CXX_LIBRARY = "libc++";
				CLANG_ENABLE_MODULES = YES;
				CLANG_ENABLE_OBJC_ARC = YES;
				CLANG_WARN_BOOL_CONVERSION = YES;
				CLANG_WARN_CONSTANT_CONVERSION = YES;
				CLANG_WARN_DIRECT_OBJC_ISA_USAGE = YES_ERROR;
				CLANG_WARN_DOCUMENTATION_COMMENTS = YES;
				CLANG_WARN_EMPTY_BODY = YES;
				CLANG_WARN_ENUM_CONVERSION = YES;
				CLANG_WARN_INFINITE_RECURSION = YES;
				CLANG_WARN_INT_CONVERSION = YES;
				CLANG_WARN_OBJC_ROOT_CLASS = YES_ERROR;
				CLANG_WARN_SUSPICIOUS_MOVE = YES;
				CLANG_WARN_UNREACHABLE_CODE = YES;
				CLANG_WARN__DUPLICATE_METHOD_MATCH = YES;
				"CODE_SIGN_IDENTITY[sdk=iphoneos*]" = "iPhone Developer";
				COPY_PHASE_STRIP = NO;
				DEBUG_INFORMATION_FORMAT = dwarf;
				ENABLE_STRICT_OBJC_MSGSEND = YES;
				ENABLE_TESTABILITY = YES;
				GCC_C_LANGUAGE_STANDARD = gnu99;
				GCC_DYNAMIC_NO_PIC = NO;
				GCC_NO_COMMON_BLOCKS = YES;
				GCC_OPTIMIZATION_LEVEL = 0;
				GCC_PREPROCESSOR_DEFINITIONS = (
					"DEBUG=1",
					"$(inherited)",
				);
				GCC_WARN_64_TO_32_BIT_CONVERSION = YES;
				GCC_WARN_ABOUT_RETURN_TYPE = YES_ERROR;
				GCC_WARN_UNDECLARED_SELECTOR = YES;
				GCC_WARN_UNINITIALIZED_AUTOS = YES_AGGRESSIVE;
				GCC_WARN_UNUSED_FUNCTION = YES;
				GCC_WARN_UNUSED_VARIABLE = YES;
				IPHONEOS_DEPLOYMENT_TARGET = 10.3;
				MTL_ENABLE_DEBUG_INFO = YES;
				ONLY_ACTIVE_ARCH = YES;
				SDKROOT = iphoneos;
				TARGETED_DEVICE_FAMILY = "1,2";
			};
			name = Debug;
		};
		E429C30F1FA16CFE00D33AA7 /* Release */ = {
			isa = XCBuildConfiguration;
			buildSettings = {
				ALWAYS_SEARCH_USER_PATHS = NO;
				CLANG_ANALYZER_NONNULL = YES;
				CLANG_ANALYZER_NUMBER_OBJECT_CONVERSION = YES_AGGRESSIVE;
				CLANG_CXX_LANGUAGE_STANDARD = "gnu++0x";
				CLANG_CXX_LIBRARY = "libc++";
				CLANG_ENABLE_MODULES = YES;
				CLANG_ENABLE_OBJC_ARC = YES;
				CLANG_WARN_BOOL_CONVERSION = YES;
				CLANG_WARN_CONSTANT_CONVERSION = YES;
				CLANG_WARN_DIRECT_OBJC_ISA_USAGE = YES_ERROR;
				CLANG_WARN_DOCUMENTATION_COMMENTS = YES;
				CLANG_WARN_EMPTY_BODY = YES;
				CLANG_WARN_ENUM_CONVERSION = YES;
				CLANG_WARN_INFINITE_RECURSION = YES;
				CLANG_WARN_INT_CONVERSION = YES;
				CLANG_WARN_OBJC_ROOT_CLASS = YES_ERROR;
				CLANG_WARN_SUSPICIOUS_MOVE = YES;
				CLANG_WARN_UNREACHABLE_CODE = YES;
				CLANG_WARN__DUPLICATE_METHOD_MATCH = YES;
				"CODE_SIGN_IDENTITY[sdk=iphoneos*]" = "iPhone Developer";
				COPY_PHASE_STRIP = NO;
				DEBUG_INFORMATION_FORMAT = "dwarf-with-dsym";
				ENABLE_NS_ASSERTIONS = NO;
				ENABLE_STRICT_OBJC_MSGSEND = YES;
				GCC_C_LANGUAGE_STANDARD = gnu99;
				GCC_NO_COMMON_BLOCKS = YES;
				GCC_WARN_64_TO_32_BIT_CONVERSION = YES;
				GCC_WARN_ABOUT_RETURN_TYPE = YES_ERROR;
				GCC_WARN_UNDECLARED_SELECTOR = YES;
				GCC_WARN_UNINITIALIZED_AUTOS = YES_AGGRESSIVE;
				GCC_WARN_UNUSED_FUNCTION = YES;
				GCC_WARN_UNUSED_VARIABLE = YES;
				IPHONEOS_DEPLOYMENT_TARGET = 10.3;
				MTL_ENABLE_DEBUG_INFO = NO;
				SDKROOT = iphoneos;
				TARGETED_DEVICE_FAMILY = "1,2";
				VALIDATE_PRODUCT = YES;
			};
			name = Release;
		};
		E429C3111FA16CFE00D33AA7 /* Debug */ = {
			isa = XCBuildConfiguration;
			buildSettings = {
				ASSETCATALOG_COMPILER_APPICON_NAME = AppIcon;
				INFOPLIST_FILE = TXCustomMenu/Info.plist;
				LD_RUNPATH_SEARCH_PATHS = "$(inherited) @executable_path/Frameworks";
				PRODUCT_BUNDLE_IDENTIFIER = xtz.TXCustomMenu;
				PRODUCT_NAME = "$(TARGET_NAME)";
			};
			name = Debug;
		};
		E429C3121FA16CFE00D33AA7 /* Release */ = {
			isa = XCBuildConfiguration;
			buildSettings = {
				ASSETCATALOG_COMPILER_APPICON_NAME = AppIcon;
				INFOPLIST_FILE = TXCustomMenu/Info.plist;
				LD_RUNPATH_SEARCH_PATHS = "$(inherited) @executable_path/Frameworks";
				PRODUCT_BUNDLE_IDENTIFIER = xtz.TXCustomMenu;
				PRODUCT_NAME = "$(TARGET_NAME)";
			};
			name = Release;
		};
		E429C3141FA16CFE00D33AA7 /* Debug */ = {
			isa = XCBuildConfiguration;
			buildSettings = {
				BUNDLE_LOADER = "$(TEST_HOST)";
				INFOPLIST_FILE = TXCustomMenuTests/Info.plist;
				LD_RUNPATH_SEARCH_PATHS = "$(inherited) @executable_path/Frameworks @loader_path/Frameworks";
				PRODUCT_BUNDLE_IDENTIFIER = xtz.TXCustomMenuTests;
				PRODUCT_NAME = "$(TARGET_NAME)";
				TEST_HOST = "$(BUILT_PRODUCTS_DIR)/TXCustomMenu.app/TXCustomMenu";
			};
			name = Debug;
		};
		E429C3151FA16CFE00D33AA7 /* Release */ = {
			isa = XCBuildConfiguration;
			buildSettings = {
				BUNDLE_LOADER = "$(TEST_HOST)";
				INFOPLIST_FILE = TXCustomMenuTests/Info.plist;
				LD_RUNPATH_SEARCH_PATHS = "$(inherited) @executable_path/Frameworks @loader_path/Frameworks";
				PRODUCT_BUNDLE_IDENTIFIER = xtz.TXCustomMenuTests;
				PRODUCT_NAME = "$(TARGET_NAME)";
				TEST_HOST = "$(BUILT_PRODUCTS_DIR)/TXCustomMenu.app/TXCustomMenu";
			};
			name = Release;
		};
		E429C3171FA16CFE00D33AA7 /* Debug */ = {
			isa = XCBuildConfiguration;
			buildSettings = {
				INFOPLIST_FILE = TXCustomMenuUITests/Info.plist;
				LD_RUNPATH_SEARCH_PATHS = "$(inherited) @executable_path/Frameworks @loader_path/Frameworks";
				PRODUCT_BUNDLE_IDENTIFIER = xtz.TXCustomMenuUITests;
				PRODUCT_NAME = "$(TARGET_NAME)";
				TEST_TARGET_NAME = TXCustomMenu;
			};
			name = Debug;
		};
		E429C3181FA16CFE00D33AA7 /* Release */ = {
			isa = XCBuildConfiguration;
			buildSettings = {
				INFOPLIST_FILE = TXCustomMenuUITests/Info.plist;
				LD_RUNPATH_SEARCH_PATHS = "$(inherited) @executable_path/Frameworks @loader_path/Frameworks";
				PRODUCT_BUNDLE_IDENTIFIER = xtz.TXCustomMenuUITests;
				PRODUCT_NAME = "$(TARGET_NAME)";
				TEST_TARGET_NAME = TXCustomMenu;
			};
			name = Release;
		};
/* End XCBuildConfiguration section */

/* Begin XCConfigurationList section */
		E429C2DE1FA16CFD00D33AA7 /* Build configuration list for PBXProject "TXCustomMenu" */ = {
			isa = XCConfigurationList;
			buildConfigurations = (
				E429C30E1FA16CFE00D33AA7 /* Debug */,
				E429C30F1FA16CFE00D33AA7 /* Release */,
			);
			defaultConfigurationIsVisible = 0;
			defaultConfigurationName = Release;
		};
		E429C3101FA16CFE00D33AA7 /* Build configuration list for PBXNativeTarget "TXCustomMenu" */ = {
			isa = XCConfigurationList;
			buildConfigurations = (
				E429C3111FA16CFE00D33AA7 /* Debug */,
				E429C3121FA16CFE00D33AA7 /* Release */,
			);
			defaultConfigurationIsVisible = 0;
			defaultConfigurationName = Release;
		};
		E429C3131FA16CFE00D33AA7 /* Build configuration list for PBXNativeTarget "TXCustomMenuTests" */ = {
			isa = XCConfigurationList;
			buildConfigurations = (
				E429C3141FA16CFE00D33AA7 /* Debug */,
				E429C3151FA16CFE00D33AA7 /* Release */,
			);
			defaultConfigurationIsVisible = 0;
			defaultConfigurationName = Release;
		};
		E429C3161FA16CFE00D33AA7 /* Build configuration list for PBXNativeTarget "TXCustomMenuUITests" */ = {
			isa = XCConfigurationList;
			buildConfigurations = (
				E429C3171FA16CFE00D33AA7 /* Debug */,
				E429C3181FA16CFE00D33AA7 /* Release */,
			);
			defaultConfigurationIsVisible = 0;
			defaultConfigurationName = Release;
		};
/* End XCConfigurationList section */
	};
	rootObject = E429C2DB1FA16CFD00D33AA7 /* Project object */;
}
